
Microsoft Visual Studio Solution File, Format Version 12.00
# Visual Studio Version 17
VisualStudioVersion = 17.0.31919.166
MinimumVisualStudioVersion = 10.0.40219.1
Project("{FAE04EC0-301F-11D3-BF4B-00C04F79EFBC}") = "Mimir.Domain", "src\Mimir.Domain\Mimir.Domain.csproj", "{00000001-0000-0000-0000-000000000001}"
EndProject
Project("{FAE04EC0-301F-11D3-BF4B-00C04F79EFBC}") = "Mimir.Application", "src\Mimir.Application\Mimir.Application.csproj", "{00000001-0000-0000-0000-000000000002}"
EndProject
Project("{FAE04EC0-301F-11D3-BF4B-00C04F79EFBC}") = "Mimir.Infrastructure", "src\Mimir.Infrastructure\Mimir.Infrastructure.csproj", "{00000001-0000-0000-0000-000000000003}"
EndProject
Project("{FAE04EC0-301F-11D3-BF4B-00C04F79EFBC}") = "Mimir.Api", "src\Mimir.Api\Mimir.Api.csproj", "{00000001-0000-0000-0000-000000000004}"
EndProject
Project("{FAE04EC0-301F-11D3-BF4B-00C04F79EFBC}") = "Mimir.Domain.Tests", "tests\Mimir.Domain.Tests\Mimir.Domain.Tests.csproj", "{00000001-0000-0000-0000-000000000005}"
EndProject
Project("{FAE04EC0-301F-11D3-BF4B-00C04F79EFBC}") = "Mimir.Application.Tests", "tests\Mimir.Application.Tests\Mimir.Application.Tests.csproj", "{00000001-0000-0000-0000-000000000006}"
EndProject
Project("{FAE04EC0-301F-11D3-BF4B-00C04F79EFBC}") = "Mimir.Infrastructure.Tests", "tests\Mimir.Infrastructure.Tests\Mimir.Infrastructure.Tests.csproj", "{00000001-0000-0000-0000-000000000007}"
EndProject
Project("{FAE04EC0-301F-11D3-BF4B-00C04F79EFBC}") = "Mimir.Api.IntegrationTests", "tests\Mimir.Api.IntegrationTests\Mimir.Api.IntegrationTests.csproj", "{00000001-0000-0000-0000-000000000008}"
EndProject
Project("{2150E333-8FDC-42A3-9474-1A3956D46DE8}") = "src", "src", "{827E0CD3-B72D-47B6-A68D-7590B98EB39B}"
EndProject
Project("{FAE04EC0-301F-11D3-BF4B-00C04F79EFBC}") = "Mimir.Tui", "src\Mimir.Tui\Mimir.Tui.csproj", "{D29C7E1B-CA9C-4EA8-B59F-D06BBA8AB46C}"
EndProject
Project("{FAE04EC0-301F-11D3-BF4B-00C04F79EFBC}") = "Mimir.Telegram", "src\Mimir.Telegram\Mimir.Telegram.csproj", "{02103C83-173F-4B9E-8176-E490D36DE6EE}"
EndProject
Project("{2150E333-8FDC-42A3-9474-1A3956D46DE8}") = "tests", "tests", "{0AB3BF05-4346-4AA6-1389-037BE0695223}"
EndProject
Project("{FAE04EC0-301F-11D3-BF4B-00C04F79EFBC}") = "Mimir.Telegram.Tests", "tests\Mimir.Telegram.Tests\Mimir.Telegram.Tests.csproj", "{C9BACF7D-AD47-49E6-85F2-6466C6BDE28D}"
EndProject
Project("{FAE04EC0-301F-11D3-BF4B-00C04F79EFBC}") = "Mimir.Tui.Tests", "tests\Mimir.Tui.Tests\Mimir.Tui.Tests.csproj", "{74318B00-6598-4522-96FA-CFA3734CC097}"
EndProject
Project("{FAE04EC0-301F-11D3-BF4B-00C04F79EFBC}") = "Mimir.Sync", "src\Mimir.Sync\Mimir.Sync.csproj", "{FEED400B-7569-4993-A24C-0AA3615C6112}"
EndProject
Project("{FAE04EC0-301F-11D3-BF4B-00C04F79EFBC}") = "Mimir.Sync.Tests", "tests\Mimir.Sync.Tests\Mimir.Sync.Tests.csproj", "{4581AB4F-3D91-46AA-9880-14565002267A}"
EndProject
Project("{FAE04EC0-301F-11D3-BF4B-00C04F79EFBC}") = "Mimir.E2E.Tests", "tests\Mimir.E2E.Tests\Mimir.E2E.Tests.csproj", "{A3A14F70-0DA5-456A-AF4E-DB2773AF023E}"
EndProject
Project("{FAE04EC0-301F-11D3-BF4B-00C04F79EFBC}") = "Mimir.Api.Tests", "tests\Mimir.Api.Tests\Mimir.Api.Tests.csproj", "{50BB3491-B100-4A0B-8D75-565C67B1A2F1}"
EndProject
Project("{FAE04EC0-301F-11D3-BF4B-00C04F79EFBC}") = "Mimir.Integration.Tests", "tests\Mimir.Integration.Tests\Mimir.Integration.Tests.csproj", "{B1C2D3E4-F5A6-7890-ABCD-EF1234567890}"
EndProject
Global
	GlobalSection(SolutionConfigurationPlatforms) = preSolution
		Debug|Any CPU = Debug|Any CPU
		Debug|x64 = Debug|x64
		Debug|x86 = Debug|x86
		Release|Any CPU = Release|Any CPU
		Release|x64 = Release|x64
		Release|x86 = Release|x86
	EndGlobalSection
	GlobalSection(ProjectConfigurationPlatforms) = postSolution
		{00000001-0000-0000-0000-000000000001}.Debug|Any CPU.ActiveCfg = Debug|Any CPU
		{00000001-0000-0000-0000-000000000001}.Debug|Any CPU.Build.0 = Debug|Any CPU
		{00000001-0000-0000-0000-000000000001}.Debug|x64.ActiveCfg = Debug|Any CPU
		{00000001-0000-0000-0000-000000000001}.Debug|x64.Build.0 = Debug|Any CPU
		{00000001-0000-0000-0000-000000000001}.Debug|x86.ActiveCfg = Debug|Any CPU
		{00000001-0000-0000-0000-000000000001}.Debug|x86.Build.0 = Debug|Any CPU
		{00000001-0000-0000-0000-000000000001}.Release|Any CPU.ActiveCfg = Release|Any CPU
		{00000001-0000-0000-0000-000000000001}.Release|Any CPU.Build.0 = Release|Any CPU
		{00000001-0000-0000-0000-000000000001}.Release|x64.ActiveCfg = Release|Any CPU
		{00000001-0000-0000-0000-000000000001}.Release|x64.Build.0 = Release|Any CPU
		{00000001-0000-0000-0000-000000000001}.Release|x86.ActiveCfg = Release|Any CPU
		{00000001-0000-0000-0000-000000000001}.Release|x86.Build.0 = Release|Any CPU
		{00000001-0000-0000-0000-000000000002}.Debug|Any CPU.ActiveCfg = Debug|Any CPU
		{00000001-0000-0000-0000-000000000002}.Debug|Any CPU.Build.0 = Debug|Any CPU
		{00000001-0000-0000-0000-000000000002}.Debug|x64.ActiveCfg = Debug|Any CPU
		{00000001-0000-0000-0000-000000000002}.Debug|x64.Build.0 = Debug|Any CPU
		{00000001-0000-0000-0000-000000000002}.Debug|x86.ActiveCfg = Debug|Any CPU
		{00000001-0000-0000-0000-000000000002}.Debug|x86.Build.0 = Debug|Any CPU
		{00000001-0000-0000-0000-000000000002}.Release|Any CPU.ActiveCfg = Release|Any CPU
		{00000001-0000-0000-0000-000000000002}.Release|Any CPU.Build.0 = Release|Any CPU
		{00000001-0000-0000-0000-000000000002}.Release|x64.ActiveCfg = Release|Any CPU
		{00000001-0000-0000-0000-000000000002}.Release|x64.Build.0 = Release|Any CPU
		{00000001-0000-0000-0000-000000000002}.Release|x86.ActiveCfg = Release|Any CPU
		{00000001-0000-0000-0000-000000000002}.Release|x86.Build.0 = Release|Any CPU
		{00000001-0000-0000-0000-000000000003}.Debug|Any CPU.ActiveCfg = Debug|Any CPU
		{00000001-0000-0000-0000-000000000003}.Debug|Any CPU.Build.0 = Debug|Any CPU
		{00000001-0000-0000-0000-000000000003}.Debug|x64.ActiveCfg = Debug|Any CPU
		{00000001-0000-0000-0000-000000000003}.Debug|x64.Build.0 = Debug|Any CPU
		{00000001-0000-0000-0000-000000000003}.Debug|x86.ActiveCfg = Debug|Any CPU
		{00000001-0000-0000-0000-000000000003}.Debug|x86.Build.0 = Debug|Any CPU
		{00000001-0000-0000-0000-000000000003}.Release|Any CPU.ActiveCfg = Release|Any CPU
		{00000001-0000-0000-0000-000000000003}.Release|Any CPU.Build.0 = Release|Any CPU
		{00000001-0000-0000-0000-000000000003}.Release|x64.ActiveCfg = Release|Any CPU
		{00000001-0000-0000-0000-000000000003}.Release|x64.Build.0 = Release|Any CPU
		{00000001-0000-0000-0000-000000000003}.Release|x86.ActiveCfg = Release|Any CPU
		{00000001-0000-0000-0000-000000000003}.Release|x86.Build.0 = Release|Any CPU
		{00000001-0000-0000-0000-000000000004}.Debug|Any CPU.ActiveCfg = Debug|Any CPU
		{00000001-0000-0000-0000-000000000004}.Debug|Any CPU.Build.0 = Debug|Any CPU
		{00000001-0000-0000-0000-000000000004}.Debug|x64.ActiveCfg = Debug|Any CPU
		{00000001-0000-0000-0000-000000000004}.Debug|x64.Build.0 = Debug|Any CPU
		{00000001-0000-0000-0000-000000000004}.Debug|x86.ActiveCfg = Debug|Any CPU
		{00000001-0000-0000-0000-000000000004}.Debug|x86.Build.0 = Debug|Any CPU
		{00000001-0000-0000-0000-000000000004}.Release|Any CPU.ActiveCfg = Release|Any CPU
		{00000001-0000-0000-0000-000000000004}.Release|Any CPU.Build.0 = Release|Any CPU
		{00000001-0000-0000-0000-000000000004}.Release|x64.ActiveCfg = Release|Any CPU
		{00000001-0000-0000-0000-000000000004}.Release|x64.Build.0 = Release|Any CPU
		{00000001-0000-0000-0000-000000000004}.Release|x86.ActiveCfg = Release|Any CPU
		{00000001-0000-0000-0000-000000000004}.Release|x86.Build.0 = Release|Any CPU
		{00000001-0000-0000-0000-000000000005}.Debug|Any CPU.ActiveCfg = Debug|Any CPU
		{00000001-0000-0000-0000-000000000005}.Debug|Any CPU.Build.0 = Debug|Any CPU
		{00000001-0000-0000-0000-000000000005}.Debug|x64.ActiveCfg = Debug|Any CPU
		{00000001-0000-0000-0000-000000000005}.Debug|x64.Build.0 = Debug|Any CPU
		{00000001-0000-0000-0000-000000000005}.Debug|x86.ActiveCfg = Debug|Any CPU
		{00000001-0000-0000-0000-000000000005}.Debug|x86.Build.0 = Debug|Any CPU
		{00000001-0000-0000-0000-000000000005}.Release|Any CPU.ActiveCfg = Release|Any CPU
		{00000001-0000-0000-0000-000000000005}.Release|Any CPU.Build.0 = Release|Any CPU
		{00000001-0000-0000-0000-000000000005}.Release|x64.ActiveCfg = Release|Any CPU
		{00000001-0000-0000-0000-000000000005}.Release|x64.Build.0 = Release|Any CPU
		{00000001-0000-0000-0000-000000000005}.Release|x86.ActiveCfg = Release|Any CPU
		{00000001-0000-0000-0000-000000000005}.Release|x86.Build.0 = Release|Any CPU
		{00000001-0000-0000-0000-000000000006}.Debug|Any CPU.ActiveCfg = Debug|Any CPU
		{00000001-0000-0000-0000-000000000006}.Debug|Any CPU.Build.0 = Debug|Any CPU
		{00000001-0000-0000-0000-000000000006}.Debug|x64.ActiveCfg = Debug|Any CPU
		{00000001-0000-0000-0000-000000000006}.Debug|x64.Build.0 = Debug|Any CPU
		{00000001-0000-0000-0000-000000000006}.Debug|x86.ActiveCfg = Debug|Any CPU
		{00000001-0000-0000-0000-000000000006}.Debug|x86.Build.0 = Debug|Any CPU
		{00000001-0000-0000-0000-000000000006}.Release|Any CPU.ActiveCfg = Release|Any CPU
		{00000001-0000-0000-0000-000000000006}.Release|Any CPU.Build.0 = Release|Any CPU
		{00000001-0000-0000-0000-000000000006}.Release|x64.ActiveCfg = Release|Any CPU
		{00000001-0000-0000-0000-000000000006}.Release|x64.Build.0 = Release|Any CPU
		{00000001-0000-0000-0000-000000000006}.Release|x86.ActiveCfg = Release|Any CPU
		{00000001-0000-0000-0000-000000000006}.Release|x86.Build.0 = Release|Any CPU
		{00000001-0000-0000-0000-000000000007}.Debug|Any CPU.ActiveCfg = Debug|Any CPU
		{00000001-0000-0000-0000-000000000007}.Debug|Any CPU.Build.0 = Debug|Any CPU
		{00000001-0000-0000-0000-000000000007}.Debug|x64.ActiveCfg = Debug|Any CPU
		{00000001-0000-0000-0000-000000000007}.Debug|x64.Build.0 = Debug|Any CPU
		{00000001-0000-0000-0000-000000000007}.Debug|x86.ActiveCfg = Debug|Any CPU
		{00000001-0000-0000-0000-000000000007}.Debug|x86.Build.0 = Debug|Any CPU
		{00000001-0000-0000-0000-000000000007}.Release|Any CPU.ActiveCfg = Release|Any CPU
		{00000001-0000-0000-0000-000000000007}.Release|Any CPU.Build.0 = Release|Any CPU
		{00000001-0000-0000-0000-000000000007}.Release|x64.ActiveCfg = Release|Any CPU
		{00000001-0000-0000-0000-000000000007}.Release|x64.Build.0 = Release|Any CPU
		{00000001-0000-0000-0000-000000000007}.Release|x86.ActiveCfg = Release|Any CPU
		{00000001-0000-0000-0000-000000000007}.Release|x86.Build.0 = Release|Any CPU
		{00000001-0000-0000-0000-000000000008}.Debug|Any CPU.ActiveCfg = Debug|Any CPU
		{00000001-0000-0000-0000-000000000008}.Debug|Any CPU.Build.0 = Debug|Any CPU
		{00000001-0000-0000-0000-000000000008}.Debug|x64.ActiveCfg = Debug|Any CPU
		{00000001-0000-0000-0000-000000000008}.Debug|x64.Build.0 = Debug|Any CPU
		{00000001-0000-0000-0000-000000000008}.Debug|x86.ActiveCfg = Debug|Any CPU
		{00000001-0000-0000-0000-000000000008}.Debug|x86.Build.0 = Debug|Any CPU
		{00000001-0000-0000-0000-000000000008}.Release|Any CPU.ActiveCfg = Release|Any CPU
		{00000001-0000-0000-0000-000000000008}.Release|Any CPU.Build.0 = Release|Any CPU
		{00000001-0000-0000-0000-000000000008}.Release|x64.ActiveCfg = Release|Any CPU
		{00000001-0000-0000-0000-000000000008}.Release|x64.Build.0 = Release|Any CPU
		{00000001-0000-0000-0000-000000000008}.Release|x86.ActiveCfg = Release|Any CPU
		{00000001-0000-0000-0000-000000000008}.Release|x86.Build.0 = Release|Any CPU
		{D29C7E1B-CA9C-4EA8-B59F-D06BBA8AB46C}.Debug|Any CPU.ActiveCfg = Debug|Any CPU
		{D29C7E1B-CA9C-4EA8-B59F-D06BBA8AB46C}.Debug|Any CPU.Build.0 = Debug|Any CPU
		{D29C7E1B-CA9C-4EA8-B59F-D06BBA8AB46C}.Debug|x64.ActiveCfg = Debug|Any CPU
		{D29C7E1B-CA9C-4EA8-B59F-D06BBA8AB46C}.Debug|x64.Build.0 = Debug|Any CPU
		{D29C7E1B-CA9C-4EA8-B59F-D06BBA8AB46C}.Debug|x86.ActiveCfg = Debug|Any CPU
		{D29C7E1B-CA9C-4EA8-B59F-D06BBA8AB46C}.Debug|x86.Build.0 = Debug|Any CPU
		{D29C7E1B-CA9C-4EA8-B59F-D06BBA8AB46C}.Release|Any CPU.ActiveCfg = Release|Any CPU
		{D29C7E1B-CA9C-4EA8-B59F-D06BBA8AB46C}.Release|Any CPU.Build.0 = Release|Any CPU
		{D29C7E1B-CA9C-4EA8-B59F-D06BBA8AB46C}.Release|x64.ActiveCfg = Release|Any CPU
		{D29C7E1B-CA9C-4EA8-B59F-D06BBA8AB46C}.Release|x64.Build.0 = Release|Any CPU
		{D29C7E1B-CA9C-4EA8-B59F-D06BBA8AB46C}.Release|x86.ActiveCfg = Release|Any CPU
		{D29C7E1B-CA9C-4EA8-B59F-D06BBA8AB46C}.Release|x86.Build.0 = Release|Any CPU
		{02103C83-173F-4B9E-8176-E490D36DE6EE}.Debug|Any CPU.ActiveCfg = Debug|Any CPU
		{02103C83-173F-4B9E-8176-E490D36DE6EE}.Debug|Any CPU.Build.0 = Debug|Any CPU
		{02103C83-173F-4B9E-8176-E490D36DE6EE}.Debug|x64.ActiveCfg = Debug|Any CPU
		{02103C83-173F-4B9E-8176-E490D36DE6EE}.Debug|x64.Build.0 = Debug|Any CPU
		{02103C83-173F-4B9E-8176-E490D36DE6EE}.Debug|x86.ActiveCfg = Debug|Any CPU
		{02103C83-173F-4B9E-8176-E490D36DE6EE}.Debug|x86.Build.0 = Debug|Any CPU
		{02103C83-173F-4B9E-8176-E490D36DE6EE}.Release|Any CPU.ActiveCfg = Release|Any CPU
		{02103C83-173F-4B9E-8176-E490D36DE6EE}.Release|Any CPU.Build.0 = Release|Any CPU
		{02103C83-173F-4B9E-8176-E490D36DE6EE}.Release|x64.ActiveCfg = Release|Any CPU
		{02103C83-173F-4B9E-8176-E490D36DE6EE}.Release|x64.Build.0 = Release|Any CPU
		{02103C83-173F-4B9E-8176-E490D36DE6EE}.Release|x86.ActiveCfg = Release|Any CPU
		{02103C83-173F-4B9E-8176-E490D36DE6EE}.Release|x86.Build.0 = Release|Any CPU
		{C9BACF7D-AD47-49E6-85F2-6466C6BDE28D}.Debug|Any CPU.ActiveCfg = Debug|Any CPU
		{C9BACF7D-AD47-49E6-85F2-6466C6BDE28D}.Debug|Any CPU.Build.0 = Debug|Any CPU
		{C9BACF7D-AD47-49E6-85F2-6466C6BDE28D}.Debug|x64.ActiveCfg = Debug|Any CPU
		{C9BACF7D-AD47-49E6-85F2-6466C6BDE28D}.Debug|x64.Build.0 = Debug|Any CPU
		{C9BACF7D-AD47-49E6-85F2-6466C6BDE28D}.Debug|x86.ActiveCfg = Debug|Any CPU
		{C9BACF7D-AD47-49E6-85F2-6466C6BDE28D}.Debug|x86.Build.0 = Debug|Any CPU
		{C9BACF7D-AD47-49E6-85F2-6466C6BDE28D}.Release|Any CPU.ActiveCfg = Release|Any CPU
		{C9BACF7D-AD47-49E6-85F2-6466C6BDE28D}.Release|Any CPU.Build.0 = Release|Any CPU
		{C9BACF7D-AD47-49E6-85F2-6466C6BDE28D}.Release|x64.ActiveCfg = Release|Any CPU
		{C9BACF7D-AD47-49E6-85F2-6466C6BDE28D}.Release|x64.Build.0 = Release|Any CPU
		{C9BACF7D-AD47-49E6-85F2-6466C6BDE28D}.Release|x86.ActiveCfg = Release|Any CPU
		{C9BACF7D-AD47-49E6-85F2-6466C6BDE28D}.Release|x86.Build.0 = Release|Any CPU
		{74318B00-6598-4522-96FA-CFA3734CC097}.Debug|Any CPU.ActiveCfg = Debug|Any CPU
		{74318B00-6598-4522-96FA-CFA3734CC097}.Debug|Any CPU.Build.0 = Debug|Any CPU
		{74318B00-6598-4522-96FA-CFA3734CC097}.Debug|x64.ActiveCfg = Debug|Any CPU
		{74318B00-6598-4522-96FA-CFA3734CC097}.Debug|x64.Build.0 = Debug|Any CPU
		{74318B00-6598-4522-96FA-CFA3734CC097}.Debug|x86.ActiveCfg = Debug|Any CPU
		{74318B00-6598-4522-96FA-CFA3734CC097}.Debug|x86.Build.0 = Debug|Any CPU
		{74318B00-6598-4522-96FA-CFA3734CC097}.Release|Any CPU.ActiveCfg = Release|Any CPU
		{74318B00-6598-4522-96FA-CFA3734CC097}.Release|Any CPU.Build.0 = Release|Any CPU
		{74318B00-6598-4522-96FA-CFA3734CC097}.Release|x64.ActiveCfg = Release|Any CPU
		{74318B00-6598-4522-96FA-CFA3734CC097}.Release|x64.Build.0 = Release|Any CPU
		{74318B00-6598-4522-96FA-CFA3734CC097}.Release|x86.ActiveCfg = Release|Any CPU
		{74318B00-6598-4522-96FA-CFA3734CC097}.Release|x86.Build.0 = Release|Any CPU
		{FEED400B-7569-4993-A24C-0AA3615C6112}.Debug|Any CPU.ActiveCfg = Debug|Any CPU
		{FEED400B-7569-4993-A24C-0AA3615C6112}.Debug|Any CPU.Build.0 = Debug|Any CPU
		{FEED400B-7569-4993-A24C-0AA3615C6112}.Debug|x64.ActiveCfg = Debug|Any CPU
		{FEED400B-7569-4993-A24C-0AA3615C6112}.Debug|x64.Build.0 = Debug|Any CPU
		{FEED400B-7569-4993-A24C-0AA3615C6112}.Debug|x86.ActiveCfg = Debug|Any CPU
		{FEED400B-7569-4993-A24C-0AA3615C6112}.Debug|x86.Build.0 = Debug|Any CPU
		{FEED400B-7569-4993-A24C-0AA3615C6112}.Release|Any CPU.ActiveCfg = Release|Any CPU
		{FEED400B-7569-4993-A24C-0AA3615C6112}.Release|Any CPU.Build.0 = Release|Any CPU
		{FEED400B-7569-4993-A24C-0AA3615C6112}.Release|x64.ActiveCfg = Release|Any CPU
		{FEED400B-7569-4993-A24C-0AA3615C6112}.Release|x64.Build.0 = Release|Any CPU
		{FEED400B-7569-4993-A24C-0AA3615C6112}.Release|x86.ActiveCfg = Release|Any CPU
		{FEED400B-7569-4993-A24C-0AA3615C6112}.Release|x86.Build.0 = Release|Any CPU
		{4581AB4F-3D91-46AA-9880-14565002267A}.Debug|Any CPU.ActiveCfg = Debug|Any CPU
		{4581AB4F-3D91-46AA-9880-14565002267A}.Debug|Any CPU.Build.0 = Debug|Any CPU
		{4581AB4F-3D91-46AA-9880-14565002267A}.Debug|x64.ActiveCfg = Debug|Any CPU
		{4581AB4F-3D91-46AA-9880-14565002267A}.Debug|x64.Build.0 = Debug|Any CPU
		{4581AB4F-3D91-46AA-9880-14565002267A}.Debug|x86.ActiveCfg = Debug|Any CPU
		{4581AB4F-3D91-46AA-9880-14565002267A}.Debug|x86.Build.0 = Debug|Any CPU
		{4581AB4F-3D91-46AA-9880-14565002267A}.Release|Any CPU.ActiveCfg = Release|Any CPU
		{4581AB4F-3D91-46AA-9880-14565002267A}.Release|Any CPU.Build.0 = Release|Any CPU
		{4581AB4F-3D91-46AA-9880-14565002267A}.Release|x64.ActiveCfg = Release|Any CPU
		{4581AB4F-3D91-46AA-9880-14565002267A}.Release|x64.Build.0 = Release|Any CPU
		{4581AB4F-3D91-46AA-9880-14565002267A}.Release|x86.ActiveCfg = Release|Any CPU
		{4581AB4F-3D91-46AA-9880-14565002267A}.Release|x86.Build.0 = Release|Any CPU
		{A3A14F70-0DA5-456A-AF4E-DB2773AF023E}.Debug|Any CPU.ActiveCfg = Debug|Any CPU
		{A3A14F70-0DA5-456A-AF4E-DB2773AF023E}.Debug|Any CPU.Build.0 = Debug|Any CPU
		{A3A14F70-0DA5-456A-AF4E-DB2773AF023E}.Debug|x64.ActiveCfg = Debug|Any CPU
		{A3A14F70-0DA5-456A-AF4E-DB2773AF023E}.Debug|x64.Build.0 = Debug|Any CPU
		{A3A14F70-0DA5-456A-AF4E-DB2773AF023E}.Debug|x86.ActiveCfg = Debug|Any CPU
		{A3A14F70-0DA5-456A-AF4E-DB2773AF023E}.Debug|x86.Build.0 = Debug|Any CPU
		{A3A14F70-0DA5-456A-AF4E-DB2773AF023E}.Release|Any CPU.ActiveCfg = Release|Any CPU
		{A3A14F70-0DA5-456A-AF4E-DB2773AF023E}.Release|Any CPU.Build.0 = Release|Any CPU
		{A3A14F70-0DA5-456A-AF4E-DB2773AF023E}.Release|x64.ActiveCfg = Release|Any CPU
		{A3A14F70-0DA5-456A-AF4E-DB2773AF023E}.Release|x64.Build.0 = Release|Any CPU
		{A3A14F70-0DA5-456A-AF4E-DB2773AF023E}.Release|x86.ActiveCfg = Release|Any CPU
		{A3A14F70-0DA5-456A-AF4E-DB2773AF023E}.Release|x86.Build.0 = Release|Any CPU
		{50BB3491-B100-4A0B-8D75-565C67B1A2F1}.Debug|Any CPU.ActiveCfg = Debug|Any CPU
		{50BB3491-B100-4A0B-8D75-565C67B1A2F1}.Debug|Any CPU.Build.0 = Debug|Any CPU
		{50BB3491-B100-4A0B-8D75-565C67B1A2F1}.Debug|x64.ActiveCfg = Debug|Any CPU
		{50BB3491-B100-4A0B-8D75-565C67B1A2F1}.Debug|x64.Build.0 = Debug|Any CPU
		{50BB3491-B100-4A0B-8D75-565C67B1A2F1}.Debug|x86.ActiveCfg = Debug|Any CPU
		{50BB3491-B100-4A0B-8D75-565C67B1A2F1}.Debug|x86.Build.0 = Debug|Any CPU
		{50BB3491-B100-4A0B-8D75-565C67B1A2F1}.Release|Any CPU.ActiveCfg = Release|Any CPU
		{50BB3491-B100-4A0B-8D75-565C67B1A2F1}.Release|Any CPU.Build.0 = Release|Any CPU
		{50BB3491-B100-4A0B-8D75-565C67B1A2F1}.Release|x64.ActiveCfg = Release|Any CPU
		{50BB3491-B100-4A0B-8D75-565C67B1A2F1}.Release|x64.Build.0 = Release|Any CPU
		{50BB3491-B100-4A0B-8D75-565C67B1A2F1}.Release|x86.ActiveCfg = Release|Any CPU
		{50BB3491-B100-4A0B-8D75-565C67B1A2F1}.Release|x86.Build.0 = Release|Any CPU
		{B1C2D3E4-F5A6-7890-ABCD-EF1234567890}.Debug|Any CPU.ActiveCfg = Debug|Any CPU
		{B1C2D3E4-F5A6-7890-ABCD-EF1234567890}.Debug|Any CPU.Build.0 = Debug|Any CPU
		{B1C2D3E4-F5A6-7890-ABCD-EF1234567890}.Debug|x64.ActiveCfg = Debug|Any CPU
		{B1C2D3E4-F5A6-7890-ABCD-EF1234567890}.Debug|x64.Build.0 = Debug|Any CPU
		{B1C2D3E4-F5A6-7890-ABCD-EF1234567890}.Debug|x86.ActiveCfg = Debug|Any CPU
		{B1C2D3E4-F5A6-7890-ABCD-EF1234567890}.Debug|x86.Build.0 = Debug|Any CPU
		{B1C2D3E4-F5A6-7890-ABCD-EF1234567890}.Release|Any CPU.ActiveCfg = Release|Any CPU
		{B1C2D3E4-F5A6-7890-ABCD-EF1234567890}.Release|Any CPU.Build.0 = Release|Any CPU
		{B1C2D3E4-F5A6-7890-ABCD-EF1234567890}.Release|x64.ActiveCfg = Release|Any CPU
		{B1C2D3E4-F5A6-7890-ABCD-EF1234567890}.Release|x64.Build.0 = Release|Any CPU
		{B1C2D3E4-F5A6-7890-ABCD-EF1234567890}.Release|x86.ActiveCfg = Release|Any CPU
		{B1C2D3E4-F5A6-7890-ABCD-EF1234567890}.Release|x86.Build.0 = Release|Any CPU
	EndGlobalSection
	GlobalSection(SolutionProperties) = preSolution
		HideSolutionNode = FALSE
	EndGlobalSection
	GlobalSection(NestedProjects) = preSolution
		{D29C7E1B-CA9C-4EA8-B59F-D06BBA8AB46C} = {827E0CD3-B72D-47B6-A68D-7590B98EB39B}
		{02103C83-173F-4B9E-8176-E490D36DE6EE} = {827E0CD3-B72D-47B6-A68D-7590B98EB39B}
		{C9BACF7D-AD47-49E6-85F2-6466C6BDE28D} = {0AB3BF05-4346-4AA6-1389-037BE0695223}
		{74318B00-6598-4522-96FA-CFA3734CC097} = {0AB3BF05-4346-4AA6-1389-037BE0695223}
		{FEED400B-7569-4993-A24C-0AA3615C6112} = {827E0CD3-B72D-47B6-A68D-7590B98EB39B}
		{4581AB4F-3D91-46AA-9880-14565002267A} = {0AB3BF05-4346-4AA6-1389-037BE0695223}
		{A3A14F70-0DA5-456A-AF4E-DB2773AF023E} = {0AB3BF05-4346-4AA6-1389-037BE0695223}
		{50BB3491-B100-4A0B-8D75-565C67B1A2F1} = {0AB3BF05-4346-4AA6-1389-037BE0695223}
		{B1C2D3E4-F5A6-7890-ABCD-EF1234567890} = {0AB3BF05-4346-4AA6-1389-037BE0695223}
	EndGlobalSection
EndGlobal
